// !$*UTF8*$!
{
	archiveVersion = 1;
	classes = {
	};
	objectVersion = 46;
	objects = {

/* Begin PBXBuildFile section */
		047D73C6BBA1E219569A2F66 /* Pods_include_of_non_modular_header__4420.framework in Frameworks */ = {isa = PBXBuildFile; fileRef = FD44C4D718790760818246D0 /* Pods_include_of_non_modular_header__4420.framework */; };
		A10A0BAE1BEA595D009B8520 /* AppDelegate.swift in Sources */ = {isa = PBXBuildFile; fileRef = A10A0BAD1BEA595D009B8520 /* AppDelegate.swift */; };
		A10A0BB01BEA595D009B8520 /* MasterViewController.swift in Sources */ = {isa = PBXBuildFile; fileRef = A10A0BAF1BEA595D009B8520 /* MasterViewController.swift */; };
		A10A0BB21BEA595D009B8520 /* DetailViewController.swift in Sources */ = {isa = PBXBuildFile; fileRef = A10A0BB11BEA595D009B8520 /* DetailViewController.swift */; };
		A10A0BB51BEA595D009B8520 /* Main.storyboard in Resources */ = {isa = PBXBuildFile; fileRef = A10A0BB31BEA595D009B8520 /* Main.storyboard */; };
		A10A0BB71BEA595D009B8520 /* Assets.xcassets in Resources */ = {isa = PBXBuildFile; fileRef = A10A0BB61BEA595D009B8520 /* Assets.xcassets */; };
		A10A0BBA1BEA595D009B8520 /* LaunchScreen.storyboard in Resources */ = {isa = PBXBuildFile; fileRef = A10A0BB81BEA595D009B8520 /* LaunchScreen.storyboard */; };
/* End PBXBuildFile section */

/* Begin PBXFileReference section */
		A10A0BAA1BEA595D009B8520 /* include-of-non-modular-header-#4420.app */ = {isa = PBXFileReference; explicitFileType = wrapper.application; includeInIndex = 0; path = "include-of-non-modular-header-#4420.app"; sourceTree = BUILT_PRODUCTS_DIR; };
		A10A0BAD1BEA595D009B8520 /* AppDelegate.swift */ = {isa = PBXFileReference; lastKnownFileType = sourcecode.swift; path = AppDelegate.swift; sourceTree = "<group>"; };
		A10A0BAF1BEA595D009B8520 /* MasterViewController.swift */ = {isa = PBXFileReference; lastKnownFileType = sourcecode.swift; path = MasterViewController.swift; sourceTree = "<group>"; };
		A10A0BB11BEA595D009B8520 /* DetailViewController.swift */ = {isa = PBXFileReference; lastKnownFileType = sourcecode.swift; path = DetailViewController.swift; sourceTree = "<group>"; };
		A10A0BB41BEA595D009B8520 /* Base */ = {isa = PBXFileReference; lastKnownFileType = file.storyboard; name = Base; path = Base.lproj/Main.storyboard; sourceTree = "<group>"; };
		A10A0BB61BEA595D009B8520 /* Assets.xcassets */ = {isa = PBXFileReference; lastKnownFileType = folder.assetcatalog; path = Assets.xcassets; sourceTree = "<group>"; };
		A10A0BB91BEA595D009B8520 /* Base */ = {isa = PBXFileReference; lastKnownFileType = file.storyboard; name = Base; path = Base.lproj/LaunchScreen.storyboard; sourceTree = "<group>"; };
		A10A0BBB1BEA595D009B8520 /* Info.plist */ = {isa = PBXFileReference; lastKnownFileType = text.plist.xml; path = Info.plist; sourceTree = "<group>"; };
		C9E5B45F93E43C88B899744E /* Pods-include-of-non-modular-header-#4420.debug.xcconfig */ = {isa = PBXFileReference; includeInIndex = 1; lastKnownFileType = text.xcconfig; name = "Pods-include-of-non-modular-header-#4420.debug.xcconfig"; path = "Pods/Target Support Files/Pods-include-of-non-modular-header-#4420/Pods-include-of-non-modular-header-#4420.debug.xcconfig"; sourceTree = "<group>"; };
		FBAECE5C091EA82A608107C6 /* Pods-include-of-non-modular-header-#4420.release.xcconfig */ = {isa = PBXFileReference; includeInIndex = 1; lastKnownFileType = text.xcconfig; name = "Pods-include-of-non-modular-header-#4420.release.xcconfig"; path = "Pods/Target Support Files/Pods-include-of-non-modular-header-#4420/Pods-include-of-non-modular-header-#4420.release.xcconfig"; sourceTree = "<group>"; };
		FD44C4D718790760818246D0 /* Pods_include_of_non_modular_header__4420.framework */ = {isa = PBXFileReference; explicitFileType = wrapper.framework; includeInIndex = 0; path = Pods_include_of_non_modular_header__4420.framework; sourceTree = BUILT_PRODUCTS_DIR; };
/* End PBXFileReference section */

/* Begin PBXFrameworksBuildPhase section */
		A10A0BA71BEA595D009B8520 /* Frameworks */ = {
			isa = PBXFrameworksBuildPhase;
			buildActionMask = 2147483647;
			files = (
				047D73C6BBA1E219569A2F66 /* Pods_include_of_non_modular_header__4420.framework in Frameworks */,
			);
			runOnlyForDeploymentPostprocessing = 0;
		};
/* End PBXFrameworksBuildPhase section */

/* Begin PBXGroup section */
		3D51E2DB8FD7970F3491BBED /* Frameworks */ = {
			isa = PBXGroup;
			children = (
				FD44C4D718790760818246D0 /* Pods_include_of_non_modular_header__4420.framework */,
			);
			name = Frameworks;
			sourceTree = "<group>";
		};
		A10A0BA11BEA595D009B8520 = {
			isa = PBXGroup;
			children = (
				A10A0BAC1BEA595D009B8520 /* include-of-non-modular-header-#4420 */,
				A10A0BAB1BEA595D009B8520 /* Products */,
				FBA2F9C9E38640C5F78A3C53 /* Pods */,
				3D51E2DB8FD7970F3491BBED /* Frameworks */,
			);
			sourceTree = "<group>";
		};
		A10A0BAB1BEA595D009B8520 /* Products */ = {
			isa = PBXGroup;
			children = (
				A10A0BAA1BEA595D009B8520 /* include-of-non-modular-header-#4420.app */,
			);
			name = Products;
			sourceTree = "<group>";
		};
		A10A0BAC1BEA595D009B8520 /* include-of-non-modular-header-#4420 */ = {
			isa = PBXGroup;
			children = (
				A10A0BAD1BEA595D009B8520 /* AppDelegate.swift */,
				A10A0BAF1BEA595D009B8520 /* MasterViewController.swift */,
				A10A0BB11BEA595D009B8520 /* DetailViewController.swift */,
				A10A0BB31BEA595D009B8520 /* Main.storyboard */,
				A10A0BB61BEA595D009B8520 /* Assets.xcassets */,
				A10A0BB81BEA595D009B8520 /* LaunchScreen.storyboard */,
				A10A0BBB1BEA595D009B8520 /* Info.plist */,
			);
			path = "include-of-non-modular-header-#4420";
			sourceTree = "<group>";
		};
		FBA2F9C9E38640C5F78A3C53 /* Pods */ = {
			isa = PBXGroup;
			children = (
				C9E5B45F93E43C88B899744E /* Pods-include-of-non-modular-header-#4420.debug.xcconfig */,
				FBAECE5C091EA82A608107C6 /* Pods-include-of-non-modular-header-#4420.release.xcconfig */,
			);
			name = Pods;
			sourceTree = "<group>";
		};
/* End PBXGroup section */

/* Begin PBXNativeTarget section */
		A10A0BA91BEA595D009B8520 /* include-of-non-modular-header-#4420 */ = {
			isa = PBXNativeTarget;
			buildConfigurationList = A10A0BBE1BEA595D009B8520 /* Build configuration list for PBXNativeTarget "include-of-non-modular-header-#4420" */;
			buildPhases = (
				B2547D0FD55CB187B79832E2 /* Check Pods Manifest.lock */,
				A10A0BA61BEA595D009B8520 /* Sources */,
				A10A0BA71BEA595D009B8520 /* Frameworks */,
				A10A0BA81BEA595D009B8520 /* Resources */,
				A90F5A80A5F0FA47061599BD /* Embed Pods Frameworks */,
				C471A76D3E9BF3E688CC6F93 /* Copy Pods Resources */,
			);
			buildRules = (
			);
			dependencies = (
			);
			name = "include-of-non-modular-header-#4420";
			productName = "include-of-non-modular-header-#4420";
			productReference = A10A0BAA1BEA595D009B8520 /* include-of-non-modular-header-#4420.app */;
			productType = "com.apple.product-type.application";
		};
/* End PBXNativeTarget section */

/* Begin PBXProject section */
		A10A0BA21BEA595D009B8520 /* Project object */ = {
			isa = PBXProject;
			attributes = {
				LastSwiftUpdateCheck = 0720;
				LastUpgradeCheck = 0720;
				ORGANIZATIONNAME = annema;
				TargetAttributes = {
					A10A0BA91BEA595D009B8520 = {
						CreatedOnToolsVersion = 7.2;
					};
				};
			};
			buildConfigurationList = A10A0BA51BEA595D009B8520 /* Build configuration list for PBXProject "include-of-non-modular-header-#4420" */;
			compatibilityVersion = "Xcode 3.2";
			developmentRegion = English;
			hasScannedForEncodings = 0;
			knownRegions = (
				en,
				Base,
			);
			mainGroup = A10A0BA11BEA595D009B8520;
			productRefGroup = A10A0BAB1BEA595D009B8520 /* Products */;
			projectDirPath = "";
			projectRoot = "";
			targets = (
				A10A0BA91BEA595D009B8520 /* include-of-non-modular-header-#4420 */,
			);
		};
/* End PBXProject section */

/* Begin PBXResourcesBuildPhase section */
		A10A0BA81BEA595D009B8520 /* Resources */ = {
			isa = PBXResourcesBuildPhase;
			buildActionMask = 2147483647;
			files = (
				A10A0BBA1BEA595D009B8520 /* LaunchScreen.storyboard in Resources */,
				A10A0BB71BEA595D009B8520 /* Assets.xcassets in Resources */,
				A10A0BB51BEA595D009B8520 /* Main.storyboard in Resources */,
			);
			runOnlyForDeploymentPostprocessing = 0;
		};
/* End PBXResourcesBuildPhase section */

/* Begin PBXShellScriptBuildPhase section */
		A90F5A80A5F0FA47061599BD /* Embed Pods Frameworks */ = {
			isa = PBXShellScriptBuildPhase;
			buildActionMask = 2147483647;
			files = (
			);
			inputPaths = (
			);
			name = "Embed Pods Frameworks";
			outputPaths = (
			);
			runOnlyForDeploymentPostprocessing = 0;
			shellPath = /bin/sh;
			shellScript = "\"${SRCROOT}/Pods/Target Support Files/Pods-include-of-non-modular-header-#4420/Pods-include-of-non-modular-header-#4420-frameworks.sh\"\n";
			showEnvVarsInLog = 0;
		};
		B2547D0FD55CB187B79832E2 /* Check Pods Manifest.lock */ = {
			isa = PBXShellScriptBuildPhase;
			buildActionMask = 2147483647;
			files = (
			);
			inputPaths = (
			);
			name = "Check Pods Manifest.lock";
			outputPaths = (
			);
			runOnlyForDeploymentPostprocessing = 0;
			shellPath = /bin/sh;
			shellScript = "diff \"${PODS_ROOT}/../Podfile.lock\" \"${PODS_ROOT}/Manifest.lock\" > /dev/null\nif [[ $? != 0 ]] ; then\n    cat << EOM\nerror: The sandbox is not in sync with the Podfile.lock. Run 'pod install' or update your CocoaPods installation.\nEOM\n    exit 1\nfi\n";
			showEnvVarsInLog = 0;
		};
		C471A76D3E9BF3E688CC6F93 /* Copy Pods Resources */ = {
			isa = PBXShellScriptBuildPhase;
			buildActionMask = 2147483647;
			files = (
			);
			inputPaths = (
			);
			name = "Copy Pods Resources";
			outputPaths = (
			);
			runOnlyForDeploymentPostprocessing = 0;
			shellPath = /bin/sh;
			shellScript = "\"${SRCROOT}/Pods/Target Support Files/Pods-include-of-non-modular-header-#4420/Pods-include-of-non-modular-header-#4420-resources.sh\"\n";
			showEnvVarsInLog = 0;
		};
/* End PBXShellScriptBuildPhase section */

/* Begin PBXSourcesBuildPhase section */
		A10A0BA61BEA595D009B8520 /* Sources */ = {
			isa = PBXSourcesBuildPhase;
			buildActionMask = 2147483647;
			files = (
				A10A0BB21BEA595D009B8520 /* DetailViewController.swift in Sources */,
				A10A0BB01BEA595D009B8520 /* MasterViewController.swift in Sources */,
				A10A0BAE1BEA595D009B8520 /* AppDelegate.swift in Sources */,
			);
			runOnlyForDeploymentPostprocessing = 0;
		};
/* End PBXSourcesBuildPhase section */

/* Begin PBXVariantGroup section */
		A10A0BB31BEA595D009B8520 /* Main.storyboard */ = {
			isa = PBXVariantGroup;
			children = (
				A10A0BB41BEA595D009B8520 /* Base */,
			);
			name = Main.storyboard;
			sourceTree = "<group>";
		};
		A10A0BB81BEA595D009B8520 /* LaunchScreen.storyboard */ = {
			isa = PBXVariantGroup;
			children = (
				A10A0BB91BEA595D009B8520 /* Base */,
			);
			name = LaunchScreen.storyboard;
			sourceTree = "<group>";
		};
/* End PBXVariantGroup section */

/* Begin XCBuildConfiguration section */
		A10A0BBC1BEA595D009B8520 /* Debug */ = {
			isa = XCBuildConfiguration;
			buildSettings = {
				ALWAYS_SEARCH_USER_PATHS = NO;
				CLANG_CXX_LANGUAGE_STANDARD = "gnu++0x";
				CLANG_CXX_LIBRARY = "libc++";
				CLANG_ENABLE_MODULES = YES;
				CLANG_ENABLE_OBJC_ARC = YES;
				CLANG_WARN_BOOL_CONVERSION = YES;
				CLANG_WARN_CONSTANT_CONVERSION = YES;
				CLANG_WARN_DIRECT_OBJC_ISA_USAGE = YES_ERROR;
				CLANG_WARN_EMPTY_BODY = YES;
				CLANG_WARN_ENUM_CONVERSION = YES;
				CLANG_WARN_INT_CONVERSION = YES;
				CLANG_WARN_OBJC_ROOT_CLASS = YES_ERROR;
				CLANG_WARN_UNREACHABLE_CODE = YES;
				CLANG_WARN__DUPLICATE_METHOD_MATCH = YES;
				"CODE_SIGN_IDENTITY[sdk=iphoneos*]" = "iPhone Developer";
				COPY_PHASE_STRIP = NO;
				DEBUG_INFORMATION_FORMAT = dwarf;
				ENABLE_STRICT_OBJC_MSGSEND = YES;
				ENABLE_TESTABILITY = YES;
				GCC_C_LANGUAGE_STANDARD = gnu99;
				GCC_DYNAMIC_NO_PIC = NO;
				GCC_NO_COMMON_BLOCKS = YES;
				GCC_OPTIMIZATION_LEVEL = 0;
				GCC_PREPROCESSOR_DEFINITIONS = (
					"DEBUG=1",
					"$(inherited)",
				);
				GCC_WARN_64_TO_32_BIT_CONVERSION = YES;
				GCC_WARN_ABOUT_RETURN_TYPE = YES_ERROR;
				GCC_WARN_UNDECLARED_SELECTOR = YES;
				GCC_WARN_UNINITIALIZED_AUTOS = YES_AGGRESSIVE;
				GCC_WARN_UNUSED_FUNCTION = YES;
				GCC_WARN_UNUSED_VARIABLE = YES;
				IPHONEOS_DEPLOYMENT_TARGET = 9.2;
				MTL_ENABLE_DEBUG_INFO = YES;
				ONLY_ACTIVE_ARCH = YES;
				SDKROOT = iphoneos;
				SWIFT_OPTIMIZATION_LEVEL = "-Onone";
				TARGETED_DEVICE_FAMILY = "1,2";
			};
			name = Debug;
		};
		A10A0BBD1BEA595D009B8520 /* Release */ = {
			isa = XCBuildConfiguration;
			buildSettings = {
				ALWAYS_SEARCH_USER_PATHS = NO;
				CLANG_CXX_LANGUAGE_STANDARD = "gnu++0x";
				CLANG_CXX_LIBRARY = "libc++";
				CLANG_ENABLE_MODULES = YES;
				CLANG_ENABLE_OBJC_ARC = YES;
				CLANG_WARN_BOOL_CONVERSION = YES;
				CLANG_WARN_CONSTANT_CONVERSION = YES;
				CLANG_WARN_DIRECT_OBJC_ISA_USAGE = YES_ERROR;
				CLANG_WARN_EMPTY_BODY = YES;
				CLANG_WARN_ENUM_CONVERSION = YES;
				CLANG_WARN_INT_CONVERSION = YES;
				CLANG_WARN_OBJC_ROOT_CLASS = YES_ERROR;
				CLANG_WARN_UNREACHABLE_CODE = YES;
				CLANG_WARN__DUPLICATE_METHOD_MATCH = YES;
				"CODE_SIGN_IDENTITY[sdk=iphoneos*]" = "iPhone Developer";
				COPY_PHASE_STRIP = NO;
				DEBUG_INFORMATION_FORMAT = "dwarf-with-dsym";
				ENABLE_NS_ASSERTIONS = NO;
				ENABLE_STRICT_OBJC_MSGSEND = YES;
				GCC_C_LANGUAGE_STANDARD = gnu99;
				GCC_NO_COMMON_BLOCKS = YES;
				GCC_WARN_64_TO_32_BIT_CONVERSION = YES;
				GCC_WARN_ABOUT_RETURN_TYPE = YES_ERROR;
				GCC_WARN_UNDECLARED_SELECTOR = YES;
				GCC_WARN_UNINITIALIZED_AUTOS = YES_AGGRESSIVE;
				GCC_WARN_UNUSED_FUNCTION = YES;
				GCC_WARN_UNUSED_VARIABLE = YES;
				IPHONEOS_DEPLOYMENT_TARGET = 9.2;
				MTL_ENABLE_DEBUG_INFO = NO;
				SDKROOT = iphoneos;
				TARGETED_DEVICE_FAMILY = "1,2";
				VALIDATE_PRODUCT = YES;
			};
			name = Release;
		};
		A10A0BBF1BEA595D009B8520 /* Debug */ = {
			isa = XCBuildConfiguration;
			baseConfigurationReference = C9E5B45F93E43C88B899744E /* Pods-include-of-non-modular-header-#4420.debug.xcconfig */;
			buildSettings = {
				ASSETCATALOG_COMPILER_APPICON_NAME = AppIcon;
				INFOPLIST_FILE = "include-of-non-modular-header-#4420/Info.plist";
				LD_RUNPATH_SEARCH_PATHS = "$(inherited) @executable_path/Frameworks";
				PRODUCT_BUNDLE_IDENTIFIER = "me.annema.include-of-non-modular-header--4420";
				PRODUCT_NAME = "$(TARGET_NAME)";
			};
			name = Debug;
		};
		A10A0BC01BEA595D009B8520 /* Release */ = {
			isa = XCBuildConfiguration;
			baseConfigurationReference = FBAECE5C091EA82A608107C6 /* Pods-include-of-non-modular-header-#4420.release.xcconfig */;
			buildSettings = {
				ASSETCATALOG_COMPILER_APPICON_NAME = AppIcon;
				INFOPLIST_FILE = "include-of-non-modular-header-#4420/Info.plist";
				LD_RUNPATH_SEARCH_PATHS = "$(inherited) @executable_path/Frameworks";
				PRODUCT_BUNDLE_IDENTIFIER = "me.annema.include-of-non-modular-header--4420";
				PRODUCT_NAME = "$(TARGET_NAME)";
			};
			name = Release;
		};
/* End XCBuildConfiguration section */

/* Begin XCConfigurationList section */
		A10A0BA51BEA595D009B8520 /* Build configuration list for PBXProject "include-of-non-modular-header-#4420" */ = {
			isa = XCConfigurationList;
			buildConfigurations = (
				A10A0BBC1BEA595D009B8520 /* Debug */,
				A10A0BBD1BEA595D009B8520 /* Release */,
			);
			defaultConfigurationIsVisible = 0;
			defaultConfigurationName = Release;
		};
		A10A0BBE1BEA595D009B8520 /* Build configuration list for PBXNativeTarget "include-of-non-modular-header-#4420" */ = {
			isa = XCConfigurationList;
			buildConfigurations = (
				A10A0BBF1BEA595D009B8520 /* Debug */,
				A10A0BC01BEA595D009B8520 /* Release */,
			);
			defaultConfigurationIsVisible = 0;
			defaultConfigurationName = Release;
		};
/* End XCConfigurationList section */
	};
	rootObject = A10A0BA21BEA595D009B8520 /* Project object */;
}
